
Microsoft Visual Studio Solution File, Format Version 12.00
# Visual Studio Version 16
VisualStudioVersion = 16.0.32413.511
MinimumVisualStudioVersion = 10.0.40219.1
Project("{8BC9CEB8-8B4A-11D0-8D11-00A0C91BC942}") = "CUDA_Cloth_SPH_Coupling", "CUDA_Cloth_SPH_Coupling\CUDA_Cloth_SPH_Coupling.vcxproj", "{AC39AF61-4C79-402B-AA53-64AE9EC384B6}"
EndProject
Global
	GlobalSection(SolutionConfigurationPlatforms) = preSolution
		Debug|x64 = Debug|x64
		Release|x64 = Release|x64
	EndGlobalSection
	GlobalSection(ProjectConfigurationPlatforms) = postSolution
		{AC39AF61-4C79-402B-AA53-64AE9EC384B6}.Debug|x64.ActiveCfg = Debug|x64
		{AC39AF61-4C79-402B-AA53-64AE9EC384B6}.Debug|x64.Build.0 = Debug|x64
		{AC39AF61-4C79-402B-AA53-64AE9EC384B6}.Release|x64.ActiveCfg = Release|x64
		{AC39AF61-4C79-402B-AA53-64AE9EC384B6}.Release|x64.Build.0 = Release|x64
	EndGlobalSection
	GlobalSection(SolutionProperties) = preSolution
		HideSolutionNode = FALSE
	EndGlobalSection
	GlobalSection(ExtensibilityGlobals) = postSolution
		SolutionGuid = {386820F6-1533-47E9-811C-778836EF23A5}
	EndGlobalSection
EndGlobal
